
Microsoft Visual Studio Solution File, Format Version 12.00
# Visual Studio Version 16
VisualStudioVersion = 16.0.30406.217
MinimumVisualStudioVersion = 10.0.40219.1
Project("{FAE04EC0-301F-11D3-BF4B-00C04F79EFBC}") = "kml2kustomclip", "kml2kustomclip\kml2kustomclip.csproj", "{C73D21F3-D9B0-45BB-8899-B8FDC670BF51}"
EndProject
Global
	GlobalSection(SolutionConfigurationPlatforms) = preSolution
		Debug|Any CPU = Debug|Any CPU
		Release|Any CPU = Release|Any CPU
	EndGlobalSection
	GlobalSection(ProjectConfigurationPlatforms) = postSolution
		{C73D21F3-D9B0-45BB-8899-B8FDC670BF51}.Debug|Any CPU.ActiveCfg = Debug|Any CPU
		{C73D21F3-D9B0-45BB-8899-B8FDC670BF51}.Debug|Any CPU.Build.0 = Debug|Any CPU
		{C73D21F3-D9B0-45BB-8899-B8FDC670BF51}.Release|Any CPU.ActiveCfg = Release|Any CPU
		{C73D21F3-D9B0-45BB-8899-B8FDC670BF51}.Release|Any CPU.Build.0 = Release|Any CPU
	EndGlobalSection
	GlobalSection(SolutionProperties) = preSolution
		HideSolutionNode = FALSE
	EndGlobalSection
	GlobalSection(ExtensibilityGlobals) = postSolution
		SolutionGuid = {838BE13D-5860-4ECD-9989-7D4B01EC8D6A}
	EndGlobalSection
EndGlobal
